
Microsoft Visual Studio Solution File, Format Version 12.00
# Visual Studio Version 17
VisualStudioVersion = 17.10.35122.118
MinimumVisualStudioVersion = 10.0.40219.1
Project("{FAE04EC0-301F-11D3-BF4B-00C04F79EFBC}") = "Buoi_4", "Buoi_4\Buoi_4.csproj", "{92EAC99B-99D2-4018-8627-B4EEE90EB8D5}"
EndProject
Global
	GlobalSection(SolutionConfigurationPlatforms) = preSolution
		Debug|Any CPU = Debug|Any CPU
		Release|Any CPU = Release|Any CPU
	EndGlobalSection
	GlobalSection(ProjectConfigurationPlatforms) = postSolution
		{92EAC99B-99D2-4018-8627-B4EEE90EB8D5}.Debug|Any CPU.ActiveCfg = Debug|Any CPU
		{92EAC99B-99D2-4018-8627-B4EEE90EB8D5}.Debug|Any CPU.Build.0 = Debug|Any CPU
		{92EAC99B-99D2-4018-8627-B4EEE90EB8D5}.Release|Any CPU.ActiveCfg = Release|Any CPU
		{92EAC99B-99D2-4018-8627-B4EEE90EB8D5}.Release|Any CPU.Build.0 = Release|Any CPU
	EndGlobalSection
	GlobalSection(SolutionProperties) = preSolution
		HideSolutionNode = FALSE
	EndGlobalSection
	GlobalSection(ExtensibilityGlobals) = postSolution
		SolutionGuid = {F6A935C4-D42F-4F34-8FE9-924C0EEF1768}
	EndGlobalSection
EndGlobal
